
Microsoft Visual Studio Solution File, Format Version 12.00
# Visual Studio Version 17
VisualStudioVersion = 17.3.32929.385
MinimumVisualStudioVersion = 10.0.40219.1
Project("{FAE04EC0-301F-11D3-BF4B-00C04F79EFBC}") = "[作業(Exec_DeclareString 第三題)]-21謝孟勳", "[作業(Exec_DeclareString 第三題)]-21謝孟勳\[作業(Exec_DeclareString 第三題)]-21謝孟勳.csproj", "{B4309B27-1863-406A-A191-A335A47BC5E3}"
EndProject
Global
	GlobalSection(SolutionConfigurationPlatforms) = preSolution
		Debug|Any CPU = Debug|Any CPU
		Release|Any CPU = Release|Any CPU
	EndGlobalSection
	GlobalSection(ProjectConfigurationPlatforms) = postSolution
		{B4309B27-1863-406A-A191-A335A47BC5E3}.Debug|Any CPU.ActiveCfg = Debug|Any CPU
		{B4309B27-1863-406A-A191-A335A47BC5E3}.Debug|Any CPU.Build.0 = Debug|Any CPU
		{B4309B27-1863-406A-A191-A335A47BC5E3}.Release|Any CPU.ActiveCfg = Release|Any CPU
		{B4309B27-1863-406A-A191-A335A47BC5E3}.Release|Any CPU.Build.0 = Release|Any CPU
	EndGlobalSection
	GlobalSection(SolutionProperties) = preSolution
		HideSolutionNode = FALSE
	EndGlobalSection
	GlobalSection(ExtensibilityGlobals) = postSolution
		SolutionGuid = {C4C953FD-3F62-4C9F-A62E-45C64F402514}
	EndGlobalSection
EndGlobal
